
Microsoft Visual Studio Solution File, Format Version 12.00
# Visual Studio Version 17
VisualStudioVersion = 17.2.32616.157
MinimumVisualStudioVersion = 10.0.40219.1
Project("{FAE04EC0-301F-11D3-BF4B-00C04F79EFBC}") = "CCSA_ChatApplication", "CCSA_ChatApplication\CCSA_ChatApplication.csproj", "{BF7CCBB6-57A7-49E3-859A-C4B06FC1C80B}"
EndProject
Global
	GlobalSection(SolutionConfigurationPlatforms) = preSolution
		Debug|Any CPU = Debug|Any CPU
		Release|Any CPU = Release|Any CPU
	EndGlobalSection
	GlobalSection(ProjectConfigurationPlatforms) = postSolution
		{BF7CCBB6-57A7-49E3-859A-C4B06FC1C80B}.Debug|Any CPU.ActiveCfg = Debug|Any CPU
		{BF7CCBB6-57A7-49E3-859A-C4B06FC1C80B}.Debug|Any CPU.Build.0 = Debug|Any CPU
		{BF7CCBB6-57A7-49E3-859A-C4B06FC1C80B}.Release|Any CPU.ActiveCfg = Release|Any CPU
		{BF7CCBB6-57A7-49E3-859A-C4B06FC1C80B}.Release|Any CPU.Build.0 = Release|Any CPU
	EndGlobalSection
	GlobalSection(SolutionProperties) = preSolution
		HideSolutionNode = FALSE
	EndGlobalSection
	GlobalSection(ExtensibilityGlobals) = postSolution
		SolutionGuid = {74A84A2B-DA97-4DFA-A8CC-DA749FC0C875}
	EndGlobalSection
EndGlobal
